
Microsoft Visual Studio Solution File, Format Version 12.00
# Visual Studio Version 17
VisualStudioVersion = 17.9.34728.123
MinimumVisualStudioVersion = 10.0.40219.1
Project("{FAE04EC0-301F-11D3-BF4B-00C04F79EFBC}") = "WindowsFormsControlLibrary1", "WindowsFormsControlLibrary1\WindowsFormsControlLibrary1.csproj", "{3C479AC1-4437-4781-BFAF-8E99123B4548}"
EndProject
Project("{FAE04EC0-301F-11D3-BF4B-00C04F79EFBC}") = "WindowsFormsApp1", "WindowsFormsApp1\WindowsFormsApp1.csproj", "{BBC32693-3C37-4FC9-99DA-05130F06B172}"
EndProject
Global
	GlobalSection(SolutionConfigurationPlatforms) = preSolution
		Debug|Any CPU = Debug|Any CPU
		Release|Any CPU = Release|Any CPU
	EndGlobalSection
	GlobalSection(ProjectConfigurationPlatforms) = postSolution
		{3C479AC1-4437-4781-BFAF-8E99123B4548}.Debug|Any CPU.ActiveCfg = Debug|Any CPU
		{3C479AC1-4437-4781-BFAF-8E99123B4548}.Debug|Any CPU.Build.0 = Debug|Any CPU
		{3C479AC1-4437-4781-BFAF-8E99123B4548}.Release|Any CPU.ActiveCfg = Release|Any CPU
		{3C479AC1-4437-4781-BFAF-8E99123B4548}.Release|Any CPU.Build.0 = Release|Any CPU
		{BBC32693-3C37-4FC9-99DA-05130F06B172}.Debug|Any CPU.ActiveCfg = Debug|Any CPU
		{BBC32693-3C37-4FC9-99DA-05130F06B172}.Debug|Any CPU.Build.0 = Debug|Any CPU
		{BBC32693-3C37-4FC9-99DA-05130F06B172}.Release|Any CPU.ActiveCfg = Release|Any CPU
		{BBC32693-3C37-4FC9-99DA-05130F06B172}.Release|Any CPU.Build.0 = Release|Any CPU
	EndGlobalSection
	GlobalSection(SolutionProperties) = preSolution
		HideSolutionNode = FALSE
	EndGlobalSection
	GlobalSection(ExtensibilityGlobals) = postSolution
		SolutionGuid = {D3B79358-3661-4242-B7B3-830F104D5563}
	EndGlobalSection
EndGlobal
